
Microsoft Visual Studio Solution File, Format Version 12.00
# Visual Studio Version 16
VisualStudioVersion = 16.0.34601.136
MinimumVisualStudioVersion = 10.0.40219.1
Project("{FAE04EC0-301F-11D3-BF4B-00C04F79EFBC}") = "K22CN3_TranDuyVu_Project02", "K22CN3_TranDuyVu_Project02\K22CN3_TranDuyVu_Project02.csproj", "{27F8FDA8-7A79-43F6-8DB1-56D41BB88092}"
EndProject
Global
	GlobalSection(SolutionConfigurationPlatforms) = preSolution
		Debug|Any CPU = Debug|Any CPU
		Release|Any CPU = Release|Any CPU
	EndGlobalSection
	GlobalSection(ProjectConfigurationPlatforms) = postSolution
		{27F8FDA8-7A79-43F6-8DB1-56D41BB88092}.Debug|Any CPU.ActiveCfg = Debug|Any CPU
		{27F8FDA8-7A79-43F6-8DB1-56D41BB88092}.Debug|Any CPU.Build.0 = Debug|Any CPU
		{27F8FDA8-7A79-43F6-8DB1-56D41BB88092}.Release|Any CPU.ActiveCfg = Release|Any CPU
		{27F8FDA8-7A79-43F6-8DB1-56D41BB88092}.Release|Any CPU.Build.0 = Release|Any CPU
	EndGlobalSection
	GlobalSection(SolutionProperties) = preSolution
		HideSolutionNode = FALSE
	EndGlobalSection
	GlobalSection(ExtensibilityGlobals) = postSolution
		SolutionGuid = {2DFDCE77-DF1F-48CC-B818-A2FC03460299}
	EndGlobalSection
EndGlobal
